// !$*UTF8*$!
{
	archiveVersion = 1;
	classes = {
	};
	objectVersion = 55;
	objects = {

/* Begin PBXBuildFile section */
		68523260283D0E8700A64D6F /* AppDelegate.swift in Sources */ = {isa = PBXBuildFile; fileRef = 6852325F283D0E8700A64D6F /* AppDelegate.swift */; };
		68523262283D0E8700A64D6F /* SceneDelegate.swift in Sources */ = {isa = PBXBuildFile; fileRef = 68523261283D0E8700A64D6F /* SceneDelegate.swift */; };
		68523264283D0E8700A64D6F /* ViewController.swift in Sources */ = {isa = PBXBuildFile; fileRef = 68523263283D0E8700A64D6F /* ViewController.swift */; };
		68523267283D0E8700A64D6F /* Main.storyboard in Resources */ = {isa = PBXBuildFile; fileRef = 68523265283D0E8700A64D6F /* Main.storyboard */; };
		6852326A283D0E8700A64D6F /* NewPodFile.xcdatamodeld in Sources */ = {isa = PBXBuildFile; fileRef = 68523268283D0E8700A64D6F /* NewPodFile.xcdatamodeld */; };
		6852326C283D0E8A00A64D6F /* Assets.xcassets in Resources */ = {isa = PBXBuildFile; fileRef = 6852326B283D0E8A00A64D6F /* Assets.xcassets */; };
		6852326F283D0E8A00A64D6F /* LaunchScreen.storyboard in Resources */ = {isa = PBXBuildFile; fileRef = 6852326D283D0E8A00A64D6F /* LaunchScreen.storyboard */; };
		68523278283D12C100A64D6F /* OptiScanBarcodeReader.framework in Frameworks */ = {isa = PBXBuildFile; fileRef = 68523276283D123600A64D6F /* OptiScanBarcodeReader.framework */; };
		68523279283D12C100A64D6F /* OptiScanBarcodeReader.framework in Embed Frameworks */ = {isa = PBXBuildFile; fileRef = 68523276283D123600A64D6F /* OptiScanBarcodeReader.framework */; settings = {ATTRIBUTES = (CodeSignOnCopy, RemoveHeadersOnCopy, ); }; };
/* End PBXBuildFile section */

/* Begin PBXCopyFilesBuildPhase section */
		6852327A283D12C100A64D6F /* Embed Frameworks */ = {
			isa = PBXCopyFilesBuildPhase;
			buildActionMask = 2147483647;
			dstPath = "";
			dstSubfolderSpec = 10;
			files = (
				68523279283D12C100A64D6F /* OptiScanBarcodeReader.framework in Embed Frameworks */,
			);
			name = "Embed Frameworks";
			runOnlyForDeploymentPostprocessing = 0;
		};
/* End PBXCopyFilesBuildPhase section */

/* Begin PBXFileReference section */
		6852325C283D0E8700A64D6F /* NewPodFile.app */ = {isa = PBXFileReference; explicitFileType = wrapper.application; includeInIndex = 0; path = NewPodFile.app; sourceTree = BUILT_PRODUCTS_DIR; };
		6852325F283D0E8700A64D6F /* AppDelegate.swift */ = {isa = PBXFileReference; lastKnownFileType = sourcecode.swift; path = AppDelegate.swift; sourceTree = "<group>"; };
		68523261283D0E8700A64D6F /* SceneDelegate.swift */ = {isa = PBXFileReference; lastKnownFileType = sourcecode.swift; path = SceneDelegate.swift; sourceTree = "<group>"; };
		68523263283D0E8700A64D6F /* ViewController.swift */ = {isa = PBXFileReference; lastKnownFileType = sourcecode.swift; path = ViewController.swift; sourceTree = "<group>"; };
		68523266283D0E8700A64D6F /* Base */ = {isa = PBXFileReference; lastKnownFileType = file.storyboard; name = Base; path = Base.lproj/Main.storyboard; sourceTree = "<group>"; };
		68523269283D0E8700A64D6F /* NewPodFile.xcdatamodel */ = {isa = PBXFileReference; lastKnownFileType = wrapper.xcdatamodel; path = NewPodFile.xcdatamodel; sourceTree = "<group>"; };
		6852326B283D0E8A00A64D6F /* Assets.xcassets */ = {isa = PBXFileReference; lastKnownFileType = folder.assetcatalog; path = Assets.xcassets; sourceTree = "<group>"; };
		6852326E283D0E8A00A64D6F /* Base */ = {isa = PBXFileReference; lastKnownFileType = file.storyboard; name = Base; path = Base.lproj/LaunchScreen.storyboard; sourceTree = "<group>"; };
		68523270283D0E8A00A64D6F /* Info.plist */ = {isa = PBXFileReference; lastKnownFileType = text.plist.xml; path = Info.plist; sourceTree = "<group>"; };
		68523276283D123600A64D6F /* OptiScanBarcodeReader.framework */ = {isa = PBXFileReference; lastKnownFileType = wrapper.framework; path = OptiScanBarcodeReader.framework; sourceTree = "<group>"; };
/* End PBXFileReference section */

/* Begin PBXFrameworksBuildPhase section */
		68523259283D0E8700A64D6F /* Frameworks */ = {
			isa = PBXFrameworksBuildPhase;
			buildActionMask = 2147483647;
			files = (
				68523278283D12C100A64D6F /* OptiScanBarcodeReader.framework in Frameworks */,
			);
			runOnlyForDeploymentPostprocessing = 0;
		};
/* End PBXFrameworksBuildPhase section */

/* Begin PBXGroup section */
		68523253283D0E8700A64D6F = {
			isa = PBXGroup;
			children = (
				68523276283D123600A64D6F /* OptiScanBarcodeReader.framework */,
				6852325E283D0E8700A64D6F /* NewPodFile */,
				6852325D283D0E8700A64D6F /* Products */,
			);
			sourceTree = "<group>";
		};
		6852325D283D0E8700A64D6F /* Products */ = {
			isa = PBXGroup;
			children = (
				6852325C283D0E8700A64D6F /* NewPodFile.app */,
			);
			name = Products;
			sourceTree = "<group>";
		};
		6852325E283D0E8700A64D6F /* NewPodFile */ = {
			isa = PBXGroup;
			children = (
				6852325F283D0E8700A64D6F /* AppDelegate.swift */,
				68523261283D0E8700A64D6F /* SceneDelegate.swift */,
				68523263283D0E8700A64D6F /* ViewController.swift */,
				68523265283D0E8700A64D6F /* Main.storyboard */,
				6852326B283D0E8A00A64D6F /* Assets.xcassets */,
				6852326D283D0E8A00A64D6F /* LaunchScreen.storyboard */,
				68523270283D0E8A00A64D6F /* Info.plist */,
				68523268283D0E8700A64D6F /* NewPodFile.xcdatamodeld */,
			);
			path = NewPodFile;
			sourceTree = "<group>";
		};
/* End PBXGroup section */

/* Begin PBXNativeTarget section */
		6852325B283D0E8700A64D6F /* NewPodFile */ = {
			isa = PBXNativeTarget;
			buildConfigurationList = 68523273283D0E8A00A64D6F /* Build configuration list for PBXNativeTarget "NewPodFile" */;
			buildPhases = (
				68523258283D0E8700A64D6F /* Sources */,
				68523259283D0E8700A64D6F /* Frameworks */,
				6852325A283D0E8700A64D6F /* Resources */,
				6852327A283D12C100A64D6F /* Embed Frameworks */,
			);
			buildRules = (
			);
			dependencies = (
			);
			name = NewPodFile;
			productName = NewPodFile;
			productReference = 6852325C283D0E8700A64D6F /* NewPodFile.app */;
			productType = "com.apple.product-type.application";
		};
/* End PBXNativeTarget section */

/* Begin PBXProject section */
		68523254283D0E8700A64D6F /* Project object */ = {
			isa = PBXProject;
			attributes = {
				BuildIndependentTargetsInParallel = 1;
				LastSwiftUpdateCheck = 1340;
				LastUpgradeCheck = 1340;
				TargetAttributes = {
					6852325B283D0E8700A64D6F = {
						CreatedOnToolsVersion = 13.4;
					};
				};
			};
			buildConfigurationList = 68523257283D0E8700A64D6F /* Build configuration list for PBXProject "NewPodFile" */;
			compatibilityVersion = "Xcode 13.0";
			developmentRegion = en;
			hasScannedForEncodings = 0;
			knownRegions = (
				en,
				Base,
			);
			mainGroup = 68523253283D0E8700A64D6F;
			productRefGroup = 6852325D283D0E8700A64D6F /* Products */;
			projectDirPath = "";
			projectRoot = "";
			targets = (
				6852325B283D0E8700A64D6F /* NewPodFile */,
			);
		};
/* End PBXProject section */

/* Begin PBXResourcesBuildPhase section */
		6852325A283D0E8700A64D6F /* Resources */ = {
			isa = PBXResourcesBuildPhase;
			buildActionMask = 2147483647;
			files = (
				6852326F283D0E8A00A64D6F /* LaunchScreen.storyboard in Resources */,
				6852326C283D0E8A00A64D6F /* Assets.xcassets in Resources */,
				68523267283D0E8700A64D6F /* Main.storyboard in Resources */,
			);
			runOnlyForDeploymentPostprocessing = 0;
		};
/* End PBXResourcesBuildPhase section */

/* Begin PBXSourcesBuildPhase section */
		68523258283D0E8700A64D6F /* Sources */ = {
			isa = PBXSourcesBuildPhase;
			buildActionMask = 2147483647;
			files = (
				6852326A283D0E8700A64D6F /* NewPodFile.xcdatamodeld in Sources */,
				68523264283D0E8700A64D6F /* ViewController.swift in Sources */,
				68523260283D0E8700A64D6F /* AppDelegate.swift in Sources */,
				68523262283D0E8700A64D6F /* SceneDelegate.swift in Sources */,
			);
			runOnlyForDeploymentPostprocessing = 0;
		};
/* End PBXSourcesBuildPhase section */

/* Begin PBXVariantGroup section */
		68523265283D0E8700A64D6F /* Main.storyboard */ = {
			isa = PBXVariantGroup;
			children = (
				68523266283D0E8700A64D6F /* Base */,
			);
			name = Main.storyboard;
			sourceTree = "<group>";
		};
		6852326D283D0E8A00A64D6F /* LaunchScreen.storyboard */ = {
			isa = PBXVariantGroup;
			children = (
				6852326E283D0E8A00A64D6F /* Base */,
			);
			name = LaunchScreen.storyboard;
			sourceTree = "<group>";
		};
/* End PBXVariantGroup section */

/* Begin XCBuildConfiguration section */
		68523271283D0E8A00A64D6F /* Debug */ = {
			isa = XCBuildConfiguration;
			buildSettings = {
				ALWAYS_SEARCH_USER_PATHS = NO;
				CLANG_ANALYZER_NONNULL = YES;
				CLANG_ANALYZER_NUMBER_OBJECT_CONVERSION = YES_AGGRESSIVE;
				CLANG_CXX_LANGUAGE_STANDARD = "gnu++17";
				CLANG_ENABLE_MODULES = YES;
				CLANG_ENABLE_OBJC_ARC = YES;
				CLANG_ENABLE_OBJC_WEAK = YES;
				CLANG_WARN_BLOCK_CAPTURE_AUTORELEASING = YES;
				CLANG_WARN_BOOL_CONVERSION = YES;
				CLANG_WARN_COMMA = YES;
				CLANG_WARN_CONSTANT_CONVERSION = YES;
				CLANG_WARN_DEPRECATED_OBJC_IMPLEMENTATIONS = YES;
				CLANG_WARN_DIRECT_OBJC_ISA_USAGE = YES_ERROR;
				CLANG_WARN_DOCUMENTATION_COMMENTS = YES;
				CLANG_WARN_EMPTY_BODY = YES;
				CLANG_WARN_ENUM_CONVERSION = YES;
				CLANG_WARN_INFINITE_RECURSION = YES;
				CLANG_WARN_INT_CONVERSION = YES;
				CLANG_WARN_NON_LITERAL_NULL_CONVERSION = YES;
				CLANG_WARN_OBJC_IMPLICIT_RETAIN_SELF = YES;
				CLANG_WARN_OBJC_LITERAL_CONVERSION = YES;
				CLANG_WARN_OBJC_ROOT_CLASS = YES_ERROR;
				CLANG_WARN_QUOTED_INCLUDE_IN_FRAMEWORK_HEADER = YES;
				CLANG_WARN_RANGE_LOOP_ANALYSIS = YES;
				CLANG_WARN_STRICT_PROTOTYPES = YES;
				CLANG_WARN_SUSPICIOUS_MOVE = YES;
				CLANG_WARN_UNGUARDED_AVAILABILITY = YES_AGGRESSIVE;
				CLANG_WARN_UNREACHABLE_CODE = YES;
				CLANG_WARN__DUPLICATE_METHOD_MATCH = YES;
				COPY_PHASE_STRIP = NO;
				DEBUG_INFORMATION_FORMAT = dwarf;
				ENABLE_STRICT_OBJC_MSGSEND = YES;
				ENABLE_TESTABILITY = YES;
				GCC_C_LANGUAGE_STANDARD = gnu11;
				GCC_DYNAMIC_NO_PIC = NO;
				GCC_NO_COMMON_BLOCKS = YES;
				GCC_OPTIMIZATION_LEVEL = 0;
				GCC_PREPROCESSOR_DEFINITIONS = (
					"DEBUG=1",
					"$(inherited)",
				);
				GCC_WARN_64_TO_32_BIT_CONVERSION = YES;
				GCC_WARN_ABOUT_RETURN_TYPE = YES_ERROR;
				GCC_WARN_UNDECLARED_SELECTOR = YES;
				GCC_WARN_UNINITIALIZED_AUTOS = YES_AGGRESSIVE;
				GCC_WARN_UNUSED_FUNCTION = YES;
				GCC_WARN_UNUSED_VARIABLE = YES;
				IPHONEOS_DEPLOYMENT_TARGET = 13.0;
				MTL_ENABLE_DEBUG_INFO = INCLUDE_SOURCE;
				MTL_FAST_MATH = YES;
				ONLY_ACTIVE_ARCH = YES;
				SDKROOT = iphoneos;
				SWIFT_ACTIVE_COMPILATION_CONDITIONS = DEBUG;
				SWIFT_OPTIMIZATION_LEVEL = "-Onone";
			};
			name = Debug;
		};
		68523272283D0E8A00A64D6F /* Release */ = {
			isa = XCBuildConfiguration;
			buildSettings = {
				ALWAYS_SEARCH_USER_PATHS = NO;
				CLANG_ANALYZER_NONNULL = YES;
				CLANG_ANALYZER_NUMBER_OBJECT_CONVERSION = YES_AGGRESSIVE;
				CLANG_CXX_LANGUAGE_STANDARD = "gnu++17";
				CLANG_ENABLE_MODULES = YES;
				CLANG_ENABLE_OBJC_ARC = YES;
				CLANG_ENABLE_OBJC_WEAK = YES;
				CLANG_WARN_BLOCK_CAPTURE_AUTORELEASING = YES;
				CLANG_WARN_BOOL_CONVERSION = YES;
				CLANG_WARN_COMMA = YES;
				CLANG_WARN_CONSTANT_CONVERSION = YES;
				CLANG_WARN_DEPRECATED_OBJC_IMPLEMENTATIONS = YES;
				CLANG_WARN_DIRECT_OBJC_ISA_USAGE = YES_ERROR;
				CLANG_WARN_DOCUMENTATION_COMMENTS = YES;
				CLANG_WARN_EMPTY_BODY = YES;
				CLANG_WARN_ENUM_CONVERSION = YES;
				CLANG_WARN_INFINITE_RECURSION = YES;
				CLANG_WARN_INT_CONVERSION = YES;
				CLANG_WARN_NON_LITERAL_NULL_CONVERSION = YES;
				CLANG_WARN_OBJC_IMPLICIT_RETAIN_SELF = YES;
				CLANG_WARN_OBJC_LITERAL_CONVERSION = YES;
				CLANG_WARN_OBJC_ROOT_CLASS = YES_ERROR;
				CLANG_WARN_QUOTED_INCLUDE_IN_FRAMEWORK_HEADER = YES;
				CLANG_WARN_RANGE_LOOP_ANALYSIS = YES;
				CLANG_WARN_STRICT_PROTOTYPES = YES;
				CLANG_WARN_SUSPICIOUS_MOVE = YES;
				CLANG_WARN_UNGUARDED_AVAILABILITY = YES_AGGRESSIVE;
				CLANG_WARN_UNREACHABLE_CODE = YES;
				CLANG_WARN__DUPLICATE_METHOD_MATCH = YES;
				COPY_PHASE_STRIP = NO;
				DEBUG_INFORMATION_FORMAT = "dwarf-with-dsym";
				ENABLE_NS_ASSERTIONS = NO;
				ENABLE_STRICT_OBJC_MSGSEND = YES;
				GCC_C_LANGUAGE_STANDARD = gnu11;
				GCC_NO_COMMON_BLOCKS = YES;
				GCC_WARN_64_TO_32_BIT_CONVERSION = YES;
				GCC_WARN_ABOUT_RETURN_TYPE = YES_ERROR;
				GCC_WARN_UNDECLARED_SELECTOR = YES;
				GCC_WARN_UNINITIALIZED_AUTOS = YES_AGGRESSIVE;
				GCC_WARN_UNUSED_FUNCTION = YES;
				GCC_WARN_UNUSED_VARIABLE = YES;
				IPHONEOS_DEPLOYMENT_TARGET = 13.0;
				MTL_ENABLE_DEBUG_INFO = NO;
				MTL_FAST_MATH = YES;
				SDKROOT = iphoneos;
				SWIFT_COMPILATION_MODE = wholemodule;
				SWIFT_OPTIMIZATION_LEVEL = "-O";
				VALIDATE_PRODUCT = YES;
			};
			name = Release;
		};
		68523274283D0E8A00A64D6F /* Debug */ = {
			isa = XCBuildConfiguration;
			buildSettings = {
				ASSETCATALOG_COMPILER_APPICON_NAME = AppIcon;
				ASSETCATALOG_COMPILER_GLOBAL_ACCENT_COLOR_NAME = AccentColor;
				CODE_SIGN_IDENTITY = "iPhone Developer: Jayakumar Radhakrishnan (P6KZGL2R5Y)";
				CODE_SIGN_STYLE = Manual;
				CURRENT_PROJECT_VERSION = 1;
				DEVELOPMENT_TEAM = J8G8DUU33R;
				FRAMEWORK_SEARCH_PATHS = (
					"$(inherited)",
					"$(PROJECT_DIR)",
				);
				GENERATE_INFOPLIST_FILE = YES;
				INFOPLIST_FILE = NewPodFile/Info.plist;
				INFOPLIST_KEY_UIApplicationSupportsIndirectInputEvents = YES;
				INFOPLIST_KEY_UILaunchStoryboardName = LaunchScreen;
				INFOPLIST_KEY_UIMainStoryboardFile = Main;
				INFOPLIST_KEY_UISupportedInterfaceOrientations_iPad = "UIInterfaceOrientationPortrait UIInterfaceOrientationPortraitUpsideDown UIInterfaceOrientationLandscapeLeft UIInterfaceOrientationLandscapeRight";
				INFOPLIST_KEY_UISupportedInterfaceOrientations_iPhone = "UIInterfaceOrientationPortrait UIInterfaceOrientationLandscapeLeft UIInterfaceOrientationLandscapeRight";
				LD_RUNPATH_SEARCH_PATHS = (
					"$(inherited)",
					"@executable_path/Frameworks",
				);
				MARKETING_VERSION = 1.0;
				PRODUCT_BUNDLE_IDENTIFIER = com.obs.oneself;
				PRODUCT_NAME = "$(TARGET_NAME)";
				PROVISIONING_PROFILE_SPECIFIER = "OneSelf Dev Profile";
				SWIFT_EMIT_LOC_STRINGS = YES;
				SWIFT_VERSION = 5.0;
				TARGETED_DEVICE_FAMILY = "1,2";
			};
			name = Debug;
		};
		68523275283D0E8A00A64D6F /* Release */ = {
			isa = XCBuildConfiguration;
			buildSettings = {
				ASSETCATALOG_COMPILER_APPICON_NAME = AppIcon;
				ASSETCATALOG_COMPILER_GLOBAL_ACCENT_COLOR_NAME = AccentColor;
				CODE_SIGN_IDENTITY = "iPhone Developer: Jayakumar Radhakrishnan (P6KZGL2R5Y)";
				CODE_SIGN_STYLE = Manual;
				CURRENT_PROJECT_VERSION = 1;
				DEVELOPMENT_TEAM = J8G8DUU33R;
				FRAMEWORK_SEARCH_PATHS = (
					"$(inherited)",
					"$(PROJECT_DIR)",
				);
				GENERATE_INFOPLIST_FILE = YES;
				INFOPLIST_FILE = NewPodFile/Info.plist;
				INFOPLIST_KEY_UIApplicationSupportsIndirectInputEvents = YES;
				INFOPLIST_KEY_UILaunchStoryboardName = LaunchScreen;
				INFOPLIST_KEY_UIMainStoryboardFile = Main;
				INFOPLIST_KEY_UISupportedInterfaceOrientations_iPad = "UIInterfaceOrientationPortrait UIInterfaceOrientationPortraitUpsideDown UIInterfaceOrientationLandscapeLeft UIInterfaceOrientationLandscapeRight";
				INFOPLIST_KEY_UISupportedInterfaceOrientations_iPhone = "UIInterfaceOrientationPortrait UIInterfaceOrientationLandscapeLeft UIInterfaceOrientationLandscapeRight";
				LD_RUNPATH_SEARCH_PATHS = (
					"$(inherited)",
					"@executable_path/Frameworks",
				);
				MARKETING_VERSION = 1.0;
				PRODUCT_BUNDLE_IDENTIFIER = com.obs.oneself;
				PRODUCT_NAME = "$(TARGET_NAME)";
				PROVISIONING_PROFILE_SPECIFIER = "OneSelf Dev Profile";
				SWIFT_EMIT_LOC_STRINGS = YES;
				SWIFT_VERSION = 5.0;
				TARGETED_DEVICE_FAMILY = "1,2";
			};
			name = Release;
		};
/* End XCBuildConfiguration section */

/* Begin XCConfigurationList section */
		68523257283D0E8700A64D6F /* Build configuration list for PBXProject "NewPodFile" */ = {
			isa = XCConfigurationList;
			buildConfigurations = (
				68523271283D0E8A00A64D6F /* Debug */,
				68523272283D0E8A00A64D6F /* Release */,
			);
			defaultConfigurationIsVisible = 0;
			defaultConfigurationName = Release;
		};
		68523273283D0E8A00A64D6F /* Build configuration list for PBXNativeTarget "NewPodFile" */ = {
			isa = XCConfigurationList;
			buildConfigurations = (
				68523274283D0E8A00A64D6F /* Debug */,
				68523275283D0E8A00A64D6F /* Release */,
			);
			defaultConfigurationIsVisible = 0;
			defaultConfigurationName = Release;
		};
/* End XCConfigurationList section */

/* Begin XCVersionGroup section */
		68523268283D0E8700A64D6F /* NewPodFile.xcdatamodeld */ = {
			isa = XCVersionGroup;
			children = (
				68523269283D0E8700A64D6F /* NewPodFile.xcdatamodel */,
			);
			currentVersion = 68523269283D0E8700A64D6F /* NewPodFile.xcdatamodel */;
			path = NewPodFile.xcdatamodeld;
			sourceTree = "<group>";
			versionGroupType = wrapper.xcdatamodel;
		};
/* End XCVersionGroup section */
	};
	rootObject = 68523254283D0E8700A64D6F /* Project object */;
}
